{
  "requires": true,
  "lockfileVersion": 1,
  "dependencies": {
    "unicode": {
      "version": "12.1.0",
      "resolved": "https://registry.npmjs.org/unicode/-/unicode-12.1.0.tgz",
      "integrity": "sha512-Ty6+Ew21DiYTWLYtd05RF/X4c1ekOvOgANyHbBj0h3MaXpfaGr2Rdmc0hMFuGQLyPLb9cU4ArNxl0bTF5HSzXw=="
    },
    "unidecode": {
      "version": "0.1.8",
      "resolved": "https://registry.npmjs.org/unidecode/-/unidecode-0.1.8.tgz",
      "integrity": "sha1-77swFTi8RSRqmsjFWdcvAVMFBT4="
    }
  }
}
